<?xml version="1.0" encoding="utf-8"?>
<Project ToolsVersion="4.0" xmlns="http://schemas.microsoft.com/developer/msbuild/2003">
  <ItemGroup>
    <Filter Include="Source Files">
      <UniqueIdentifier>{4FC737F1-C7A5-4376-A066-2A32D752A2FF}</UniqueIdentifier>
      <Extensions>cpp;c;cc;cxx;def;odl;idl;hpj;bat;asm;asmx</Extensions>
    </Filter>
    <Filter Include="Header Files">
      <UniqueIdentifier>{93995380-89BD-4b04-88EB-625FBE52EBFB}</UniqueIdentifier>
      <Extensions>h;hh;hpp;hxx;hm;inl;inc;xsd</Extensions>
    </Filter>
    <Filter Include="Resource Files">
      <UniqueIdentifier>{67DA6AB6-F800-4c08-8B7A-83BB121AAD01}</UniqueIdentifier>
      <Extensions>rc;ico;cur;bmp;dlg;rc2;rct;bin;rgs;gif;jpg;jpeg;jpe;resx;tiff;tif;png;wav;mfcribbon-ms</Extensions>
    </Filter>
  </ItemGroup>
  <ItemGroup>
    <ClCompile Include="11403_경로찾기.cpp">
      <Filter>Source Files</Filter>
    </ClCompile>
    <ClCompile Include="1389_케빈_베이컨의_6단계_법칙.cpp">
      <Filter>Source Files</Filter>
    </ClCompile>
    <ClCompile Include="1707_이분_그래프.cpp">
      <Filter>Source Files</Filter>
    </ClCompile>
    <ClCompile Include="_11781_퇴근시간.cpp">
      <Filter>Source Files</Filter>
    </ClCompile>
    <ClCompile Include="1963_소수_경로.cpp">
      <Filter>Source Files</Filter>
    </ClCompile>
    <ClCompile Include="2146_다리_만들기.cpp">
      <Filter>Source Files</Filter>
    </ClCompile>
    <ClCompile Include="_1613_역사.cpp">
      <Filter>Source Files</Filter>
    </ClCompile>
    <ClCompile Include="_1325_효율적인_해킹.cpp">
      <Filter>Source Files</Filter>
    </ClCompile>
    <ClCompile Include="1325_효율적인_해킹.cpp">
      <Filter>Source Files</Filter>
    </ClCompile>
    <ClCompile Include="1149_RGB거리.cpp">
      <Filter>Source Files</Filter>
    </ClCompile>
    <ClCompile Include="9095_1_2_3_더하기.cpp">
      <Filter>Source Files</Filter>
    </ClCompile>
    <ClCompile Include="10250_ACM_호텔.cpp">
      <Filter>Source Files</Filter>
    </ClCompile>
    <ClCompile Include="2841_외계인의_기타_연주.cpp">
      <Filter>Source Files</Filter>
    </ClCompile>
    <ClCompile Include="_2879_코딩은_예쁘게.cpp">
      <Filter>Source Files</Filter>
    </ClCompile>
    <ClCompile Include="_10000_원_영역.cpp">
      <Filter>Source Files</Filter>
    </ClCompile>
    <ClCompile Include="_9466_텀_프로젝트.cpp">
      <Filter>Source Files</Filter>
    </ClCompile>
    <ClCompile Include="1085_직사가가형에서_탈출.cpp">
      <Filter>Source Files</Filter>
    </ClCompile>
    <ClCompile Include="1110_더하기_사이클.cpp">
      <Filter>Source Files</Filter>
    </ClCompile>
    <ClCompile Include="2292_벌집.cpp">
      <Filter>Source Files</Filter>
    </ClCompile>
    <ClCompile Include="5014_면접에_늦었다.cpp">
      <Filter>Source Files</Filter>
    </ClCompile>
    <ClCompile Include="_1655_가운데를_말해요.cpp">
      <Filter>Source Files</Filter>
    </ClCompile>
    <ClCompile Include="_1405_미친_로봇.cpp">
      <Filter>Source Files</Filter>
    </ClCompile>
    <ClCompile Include="2933_미네랄.cpp">
      <Filter>Source Files</Filter>
    </ClCompile>
    <ClCompile Include="10273_고대_동굴_탐사.cpp">
      <Filter>Source Files</Filter>
    </ClCompile>
  </ItemGroup>
  <ItemGroup>
    <Text Include="input.txt">
      <Filter>Resource Files</Filter>
    </Text>
  </ItemGroup>
</Project>